
Microsoft Visual Studio Solution File, Format Version 12.00
# Visual Studio Version 16
VisualStudioVersion = 16.0.30517.126
MinimumVisualStudioVersion = 10.0.40219.1
Project("{FAE04EC0-301F-11D3-BF4B-00C04F79EFBC}") = "MeuSuperMercado", "MeuSuperMercado\MeuSuperMercado.csproj", "{EA2EB268-FA14-4106-AA31-B511FDFBA2FF}"
EndProject
Global
	GlobalSection(SolutionConfigurationPlatforms) = preSolution
		Debug|Any CPU = Debug|Any CPU
		Release|Any CPU = Release|Any CPU
	EndGlobalSection
	GlobalSection(ProjectConfigurationPlatforms) = postSolution
		{EA2EB268-FA14-4106-AA31-B511FDFBA2FF}.Debug|Any CPU.ActiveCfg = Debug|Any CPU
		{EA2EB268-FA14-4106-AA31-B511FDFBA2FF}.Debug|Any CPU.Build.0 = Debug|Any CPU
		{EA2EB268-FA14-4106-AA31-B511FDFBA2FF}.Release|Any CPU.ActiveCfg = Release|Any CPU
		{EA2EB268-FA14-4106-AA31-B511FDFBA2FF}.Release|Any CPU.Build.0 = Release|Any CPU
	EndGlobalSection
	GlobalSection(SolutionProperties) = preSolution
		HideSolutionNode = FALSE
	EndGlobalSection
	GlobalSection(ExtensibilityGlobals) = postSolution
		SolutionGuid = {E431E834-F778-4E38-A2EB-6E0867B1E440}
	EndGlobalSection
EndGlobal
